
Microsoft Visual Studio Solution File, Format Version 12.00
# Visual Studio Version 17
VisualStudioVersion = 17.3.32819.101
MinimumVisualStudioVersion = 10.0.40219.1
Project("{8BC9CEB8-8B4A-11D0-8D11-00A0C91BC942}") = "Doubly Linked List With No Iterators", "Doubly Linked List With No Iterators\Doubly Linked List With No Iterators.vcxproj", "{63CE8734-0D63-4F6C-88CE-14276B89F2EB}"
EndProject
Global
	GlobalSection(SolutionConfigurationPlatforms) = preSolution
		Debug|x64 = Debug|x64
		Debug|x86 = Debug|x86
		Release|x64 = Release|x64
		Release|x86 = Release|x86
	EndGlobalSection
	GlobalSection(ProjectConfigurationPlatforms) = postSolution
		{63CE8734-0D63-4F6C-88CE-14276B89F2EB}.Debug|x64.ActiveCfg = Debug|x64
		{63CE8734-0D63-4F6C-88CE-14276B89F2EB}.Debug|x64.Build.0 = Debug|x64
		{63CE8734-0D63-4F6C-88CE-14276B89F2EB}.Debug|x86.ActiveCfg = Debug|Win32
		{63CE8734-0D63-4F6C-88CE-14276B89F2EB}.Debug|x86.Build.0 = Debug|Win32
		{63CE8734-0D63-4F6C-88CE-14276B89F2EB}.Release|x64.ActiveCfg = Release|x64
		{63CE8734-0D63-4F6C-88CE-14276B89F2EB}.Release|x64.Build.0 = Release|x64
		{63CE8734-0D63-4F6C-88CE-14276B89F2EB}.Release|x86.ActiveCfg = Release|Win32
		{63CE8734-0D63-4F6C-88CE-14276B89F2EB}.Release|x86.Build.0 = Release|Win32
	EndGlobalSection
	GlobalSection(SolutionProperties) = preSolution
		HideSolutionNode = FALSE
	EndGlobalSection
	GlobalSection(ExtensibilityGlobals) = postSolution
		SolutionGuid = {FB24268D-A50F-4E50-B37D-761F3ED34673}
	EndGlobalSection
EndGlobal
